// !$*UTF8*$!
{
	archiveVersion = 1;
	classes = {
	};
	objectVersion = 56;
	objects = {

/* Begin PBXBuildFile section */
		EF17D52E2C0FEEE5007E2850 /* ProfileAnnotationView.swift in Sources */ = {isa = PBXBuildFile; fileRef = EF17D52D2C0FEEE5007E2850 /* ProfileAnnotationView.swift */; };
		EF17D5332C102733007E2850 /* Kingfisher in Frameworks */ = {isa = PBXBuildFile; productRef = EF17D5322C102733007E2850 /* Kingfisher */; };
		EF17D5362C10273B007E2850 /* SwiftyJSON in Frameworks */ = {isa = PBXBuildFile; productRef = EF17D5352C10273B007E2850 /* SwiftyJSON */; };
		EF17D5392C102D4C007E2850 /* Alamofire in Frameworks */ = {isa = PBXBuildFile; productRef = EF17D5382C102D4C007E2850 /* Alamofire */; };
		EF17D53B2C1040EB007E2850 /* MyProfileAnnotationView.swift in Sources */ = {isa = PBXBuildFile; fileRef = EF17D53A2C1040EB007E2850 /* MyProfileAnnotationView.swift */; };
		EFD4325A2C0E999B00E39758 /* AppleMapClusteringApp.swift in Sources */ = {isa = PBXBuildFile; fileRef = EFD432592C0E999B00E39758 /* AppleMapClusteringApp.swift */; };
		EFD4325C2C0E999B00E39758 /* ContentView.swift in Sources */ = {isa = PBXBuildFile; fileRef = EFD4325B2C0E999B00E39758 /* ContentView.swift */; };
		EFD4325E2C0E999C00E39758 /* Assets.xcassets in Resources */ = {isa = PBXBuildFile; fileRef = EFD4325D2C0E999C00E39758 /* Assets.xcassets */; };
		EFD432612C0E999C00E39758 /* Preview Assets.xcassets in Resources */ = {isa = PBXBuildFile; fileRef = EFD432602C0E999C00E39758 /* Preview Assets.xcassets */; };
		EFD4326B2C0E999D00E39758 /* AppleMapClusteringTests.swift in Sources */ = {isa = PBXBuildFile; fileRef = EFD4326A2C0E999D00E39758 /* AppleMapClusteringTests.swift */; };
		EFD432752C0E999D00E39758 /* AppleMapClusteringUITests.swift in Sources */ = {isa = PBXBuildFile; fileRef = EFD432742C0E999D00E39758 /* AppleMapClusteringUITests.swift */; };
		EFD432772C0E999D00E39758 /* AppleMapClusteringUITestsLaunchTests.swift in Sources */ = {isa = PBXBuildFile; fileRef = EFD432762C0E999D00E39758 /* AppleMapClusteringUITestsLaunchTests.swift */; };
		EFD432842C0E9AD600E39758 /* MapViewRepresentable.swift in Sources */ = {isa = PBXBuildFile; fileRef = EFD432832C0E9AD600E39758 /* MapViewRepresentable.swift */; };
		EFD432872C0EAC0100E39758 /* SnapKit in Frameworks */ = {isa = PBXBuildFile; productRef = EFD432862C0EAC0100E39758 /* SnapKit */; };
		EFD4328A2C0EAC0F00E39758 /* Then in Frameworks */ = {isa = PBXBuildFile; productRef = EFD432892C0EAC0F00E39758 /* Then */; };
		EFD4328C2C0EDA8E00E39758 /* Person.swift in Sources */ = {isa = PBXBuildFile; fileRef = EFD4328B2C0EDA8E00E39758 /* Person.swift */; };
		EFD432942C0EE49D00E39758 /* MapData.swift in Sources */ = {isa = PBXBuildFile; fileRef = EFD432932C0EE49D00E39758 /* MapData.swift */; };
		EFD432982C0EFB9F00E39758 /* Data.plist in Resources */ = {isa = PBXBuildFile; fileRef = EFD432972C0EFB9F00E39758 /* Data.plist */; };
		EFD4755D2C17C68400EC4DA7 /* ProfileSUView.swift in Sources */ = {isa = PBXBuildFile; fileRef = EFD4755C2C17C68400EC4DA7 /* ProfileSUView.swift */; };
		EFD4755F2C17C68C00EC4DA7 /* MyProfileSUIView.swift in Sources */ = {isa = PBXBuildFile; fileRef = EFD4755E2C17C68C00EC4DA7 /* MyProfileSUIView.swift */; };
/* End PBXBuildFile section */

/* Begin PBXContainerItemProxy section */
		EFD432672C0E999D00E39758 /* PBXContainerItemProxy */ = {
			isa = PBXContainerItemProxy;
			containerPortal = EFD4324E2C0E999B00E39758 /* Project object */;
			proxyType = 1;
			remoteGlobalIDString = EFD432552C0E999B00E39758;
			remoteInfo = AppleMapClustering;
		};
		EFD432712C0E999D00E39758 /* PBXContainerItemProxy */ = {
			isa = PBXContainerItemProxy;
			containerPortal = EFD4324E2C0E999B00E39758 /* Project object */;
			proxyType = 1;
			remoteGlobalIDString = EFD432552C0E999B00E39758;
			remoteInfo = AppleMapClustering;
		};
/* End PBXContainerItemProxy section */

/* Begin PBXFileReference section */
		EF17D52D2C0FEEE5007E2850 /* ProfileAnnotationView.swift */ = {isa = PBXFileReference; fileEncoding = 4; lastKnownFileType = sourcecode.swift; name = ProfileAnnotationView.swift; path = AppleMapClustering/AnnotationView/ProfileAnnotationView.swift; sourceTree = SOURCE_ROOT; };
		EF17D53A2C1040EB007E2850 /* MyProfileAnnotationView.swift */ = {isa = PBXFileReference; lastKnownFileType = sourcecode.swift; path = MyProfileAnnotationView.swift; sourceTree = "<group>"; };
		EFD432562C0E999B00E39758 /* AppleMapClustering.app */ = {isa = PBXFileReference; explicitFileType = wrapper.application; includeInIndex = 0; path = AppleMapClustering.app; sourceTree = BUILT_PRODUCTS_DIR; };
		EFD432592C0E999B00E39758 /* AppleMapClusteringApp.swift */ = {isa = PBXFileReference; lastKnownFileType = sourcecode.swift; path = AppleMapClusteringApp.swift; sourceTree = "<group>"; };
		EFD4325B2C0E999B00E39758 /* ContentView.swift */ = {isa = PBXFileReference; lastKnownFileType = sourcecode.swift; path = ContentView.swift; sourceTree = "<group>"; };
		EFD4325D2C0E999C00E39758 /* Assets.xcassets */ = {isa = PBXFileReference; lastKnownFileType = folder.assetcatalog; path = Assets.xcassets; sourceTree = "<group>"; };
		EFD432602C0E999C00E39758 /* Preview Assets.xcassets */ = {isa = PBXFileReference; lastKnownFileType = folder.assetcatalog; path = "Preview Assets.xcassets"; sourceTree = "<group>"; };
		EFD432662C0E999D00E39758 /* AppleMapClusteringTests.xctest */ = {isa = PBXFileReference; explicitFileType = wrapper.cfbundle; includeInIndex = 0; path = AppleMapClusteringTests.xctest; sourceTree = BUILT_PRODUCTS_DIR; };
		EFD4326A2C0E999D00E39758 /* AppleMapClusteringTests.swift */ = {isa = PBXFileReference; lastKnownFileType = sourcecode.swift; path = AppleMapClusteringTests.swift; sourceTree = "<group>"; };
		EFD432702C0E999D00E39758 /* AppleMapClusteringUITests.xctest */ = {isa = PBXFileReference; explicitFileType = wrapper.cfbundle; includeInIndex = 0; path = AppleMapClusteringUITests.xctest; sourceTree = BUILT_PRODUCTS_DIR; };
		EFD432742C0E999D00E39758 /* AppleMapClusteringUITests.swift */ = {isa = PBXFileReference; lastKnownFileType = sourcecode.swift; path = AppleMapClusteringUITests.swift; sourceTree = "<group>"; };
		EFD432762C0E999D00E39758 /* AppleMapClusteringUITestsLaunchTests.swift */ = {isa = PBXFileReference; lastKnownFileType = sourcecode.swift; path = AppleMapClusteringUITestsLaunchTests.swift; sourceTree = "<group>"; };
		EFD432832C0E9AD600E39758 /* MapViewRepresentable.swift */ = {isa = PBXFileReference; lastKnownFileType = sourcecode.swift; path = MapViewRepresentable.swift; sourceTree = "<group>"; };
		EFD4328B2C0EDA8E00E39758 /* Person.swift */ = {isa = PBXFileReference; lastKnownFileType = sourcecode.swift; path = Person.swift; sourceTree = "<group>"; };
		EFD432932C0EE49D00E39758 /* MapData.swift */ = {isa = PBXFileReference; lastKnownFileType = sourcecode.swift; path = MapData.swift; sourceTree = "<group>"; };
		EFD432972C0EFB9F00E39758 /* Data.plist */ = {isa = PBXFileReference; lastKnownFileType = text.plist.xml; path = Data.plist; sourceTree = "<group>"; };
		EFD4755C2C17C68400EC4DA7 /* ProfileSUView.swift */ = {isa = PBXFileReference; lastKnownFileType = sourcecode.swift; path = ProfileSUView.swift; sourceTree = "<group>"; };
		EFD4755E2C17C68C00EC4DA7 /* MyProfileSUIView.swift */ = {isa = PBXFileReference; lastKnownFileType = sourcecode.swift; path = MyProfileSUIView.swift; sourceTree = "<group>"; };
/* End PBXFileReference section */

/* Begin PBXFrameworksBuildPhase section */
		EFD432532C0E999B00E39758 /* Frameworks */ = {
			isa = PBXFrameworksBuildPhase;
			buildActionMask = 2147483647;
			files = (
				EF17D5392C102D4C007E2850 /* Alamofire in Frameworks */,
				EF17D5332C102733007E2850 /* Kingfisher in Frameworks */,
				EFD432872C0EAC0100E39758 /* SnapKit in Frameworks */,
				EF17D5362C10273B007E2850 /* SwiftyJSON in Frameworks */,
				EFD4328A2C0EAC0F00E39758 /* Then in Frameworks */,
			);
			runOnlyForDeploymentPostprocessing = 0;
		};
		EFD432632C0E999D00E39758 /* Frameworks */ = {
			isa = PBXFrameworksBuildPhase;
			buildActionMask = 2147483647;
			files = (
			);
			runOnlyForDeploymentPostprocessing = 0;
		};
		EFD4326D2C0E999D00E39758 /* Frameworks */ = {
			isa = PBXFrameworksBuildPhase;
			buildActionMask = 2147483647;
			files = (
			);
			runOnlyForDeploymentPostprocessing = 0;
		};
/* End PBXFrameworksBuildPhase section */

/* Begin PBXGroup section */
		EFD4324D2C0E999B00E39758 = {
			isa = PBXGroup;
			children = (
				EFD432582C0E999B00E39758 /* AppleMapClustering */,
				EFD432692C0E999D00E39758 /* AppleMapClusteringTests */,
				EFD432732C0E999D00E39758 /* AppleMapClusteringUITests */,
				EFD432572C0E999B00E39758 /* Products */,
			);
			sourceTree = "<group>";
		};
		EFD432572C0E999B00E39758 /* Products */ = {
			isa = PBXGroup;
			children = (
				EFD432562C0E999B00E39758 /* AppleMapClustering.app */,
				EFD432662C0E999D00E39758 /* AppleMapClusteringTests.xctest */,
				EFD432702C0E999D00E39758 /* AppleMapClusteringUITests.xctest */,
			);
			name = Products;
			sourceTree = "<group>";
		};
		EFD432582C0E999B00E39758 /* AppleMapClustering */ = {
			isa = PBXGroup;
			children = (
				EFD4329A2C0F071300E39758 /* Model */,
				EFD4325F2C0E999C00E39758 /* Preview Content */,
				EFD432992C0F06FB00E39758 /* Utils */,
				EFD4328E2C0EE0AF00E39758 /* AnnotationView */,
				EFD4329B2C0F072100E39758 /* Representable */,
				EFD4325B2C0E999B00E39758 /* ContentView.swift */,
				EFD432592C0E999B00E39758 /* AppleMapClusteringApp.swift */,
			);
			path = AppleMapClustering;
			sourceTree = "<group>";
		};
		EFD4325F2C0E999C00E39758 /* Preview Content */ = {
			isa = PBXGroup;
			children = (
				EFD432602C0E999C00E39758 /* Preview Assets.xcassets */,
			);
			path = "Preview Content";
			sourceTree = "<group>";
		};
		EFD432692C0E999D00E39758 /* AppleMapClusteringTests */ = {
			isa = PBXGroup;
			children = (
				EFD4326A2C0E999D00E39758 /* AppleMapClusteringTests.swift */,
			);
			path = AppleMapClusteringTests;
			sourceTree = "<group>";
		};
		EFD432732C0E999D00E39758 /* AppleMapClusteringUITests */ = {
			isa = PBXGroup;
			children = (
				EFD432742C0E999D00E39758 /* AppleMapClusteringUITests.swift */,
				EFD432762C0E999D00E39758 /* AppleMapClusteringUITestsLaunchTests.swift */,
			);
			path = AppleMapClusteringUITests;
			sourceTree = "<group>";
		};
		EFD4328E2C0EE0AF00E39758 /* AnnotationView */ = {
			isa = PBXGroup;
			children = (
				EF17D52D2C0FEEE5007E2850 /* ProfileAnnotationView.swift */,
				EFD4755C2C17C68400EC4DA7 /* ProfileSUView.swift */,
				EF17D53A2C1040EB007E2850 /* MyProfileAnnotationView.swift */,
				EFD4755E2C17C68C00EC4DA7 /* MyProfileSUIView.swift */,
			);
			path = AnnotationView;
			sourceTree = "<group>";
		};
		EFD432992C0F06FB00E39758 /* Utils */ = {
			isa = PBXGroup;
			children = (
				EFD432972C0EFB9F00E39758 /* Data.plist */,
				EFD4325D2C0E999C00E39758 /* Assets.xcassets */,
			);
			path = Utils;
			sourceTree = "<group>";
		};
		EFD4329A2C0F071300E39758 /* Model */ = {
			isa = PBXGroup;
			children = (
				EFD4328B2C0EDA8E00E39758 /* Person.swift */,
				EFD432932C0EE49D00E39758 /* MapData.swift */,
			);
			path = Model;
			sourceTree = "<group>";
		};
		EFD4329B2C0F072100E39758 /* Representable */ = {
			isa = PBXGroup;
			children = (
				EFD432832C0E9AD600E39758 /* MapViewRepresentable.swift */,
			);
			path = Representable;
			sourceTree = "<group>";
		};
/* End PBXGroup section */

/* Begin PBXNativeTarget section */
		EFD432552C0E999B00E39758 /* AppleMapClustering */ = {
			isa = PBXNativeTarget;
			buildConfigurationList = EFD4327A2C0E999D00E39758 /* Build configuration list for PBXNativeTarget "AppleMapClustering" */;
			buildPhases = (
				EFD432522C0E999B00E39758 /* Sources */,
				EFD432532C0E999B00E39758 /* Frameworks */,
				EFD432542C0E999B00E39758 /* Resources */,
			);
			buildRules = (
			);
			dependencies = (
			);
			name = AppleMapClustering;
			packageProductDependencies = (
				EFD432862C0EAC0100E39758 /* SnapKit */,
				EFD432892C0EAC0F00E39758 /* Then */,
				EF17D5322C102733007E2850 /* Kingfisher */,
				EF17D5352C10273B007E2850 /* SwiftyJSON */,
				EF17D5382C102D4C007E2850 /* Alamofire */,
			);
			productName = AppleMapClustering;
			productReference = EFD432562C0E999B00E39758 /* AppleMapClustering.app */;
			productType = "com.apple.product-type.application";
		};
		EFD432652C0E999D00E39758 /* AppleMapClusteringTests */ = {
			isa = PBXNativeTarget;
			buildConfigurationList = EFD4327D2C0E999D00E39758 /* Build configuration list for PBXNativeTarget "AppleMapClusteringTests" */;
			buildPhases = (
				EFD432622C0E999D00E39758 /* Sources */,
				EFD432632C0E999D00E39758 /* Frameworks */,
				EFD432642C0E999D00E39758 /* Resources */,
			);
			buildRules = (
			);
			dependencies = (
				EFD432682C0E999D00E39758 /* PBXTargetDependency */,
			);
			name = AppleMapClusteringTests;
			productName = AppleMapClusteringTests;
			productReference = EFD432662C0E999D00E39758 /* AppleMapClusteringTests.xctest */;
			productType = "com.apple.product-type.bundle.unit-test";
		};
		EFD4326F2C0E999D00E39758 /* AppleMapClusteringUITests */ = {
			isa = PBXNativeTarget;
			buildConfigurationList = EFD432802C0E999D00E39758 /* Build configuration list for PBXNativeTarget "AppleMapClusteringUITests" */;
			buildPhases = (
				EFD4326C2C0E999D00E39758 /* Sources */,
				EFD4326D2C0E999D00E39758 /* Frameworks */,
				EFD4326E2C0E999D00E39758 /* Resources */,
			);
			buildRules = (
			);
			dependencies = (
				EFD432722C0E999D00E39758 /* PBXTargetDependency */,
			);
			name = AppleMapClusteringUITests;
			productName = AppleMapClusteringUITests;
			productReference = EFD432702C0E999D00E39758 /* AppleMapClusteringUITests.xctest */;
			productType = "com.apple.product-type.bundle.ui-testing";
		};
/* End PBXNativeTarget section */

/* Begin PBXProject section */
		EFD4324E2C0E999B00E39758 /* Project object */ = {
			isa = PBXProject;
			attributes = {
				BuildIndependentTargetsInParallel = 1;
				LastSwiftUpdateCheck = 1520;
				LastUpgradeCheck = 1520;
				TargetAttributes = {
					EFD432552C0E999B00E39758 = {
						CreatedOnToolsVersion = 15.2;
					};
					EFD432652C0E999D00E39758 = {
						CreatedOnToolsVersion = 15.2;
						TestTargetID = EFD432552C0E999B00E39758;
					};
					EFD4326F2C0E999D00E39758 = {
						CreatedOnToolsVersion = 15.2;
						TestTargetID = EFD432552C0E999B00E39758;
					};
				};
			};
			buildConfigurationList = EFD432512C0E999B00E39758 /* Build configuration list for PBXProject "AppleMapClustering" */;
			compatibilityVersion = "Xcode 14.0";
			developmentRegion = en;
			hasScannedForEncodings = 0;
			knownRegions = (
				en,
				Base,
			);
			mainGroup = EFD4324D2C0E999B00E39758;
			packageReferences = (
				EFD432852C0EAC0100E39758 /* XCRemoteSwiftPackageReference "SnapKit" */,
				EFD432882C0EAC0F00E39758 /* XCRemoteSwiftPackageReference "Then" */,
				EF17D5312C102733007E2850 /* XCRemoteSwiftPackageReference "Kingfisher" */,
				EF17D5342C10273B007E2850 /* XCRemoteSwiftPackageReference "SwiftyJSON" */,
				EF17D5372C102D4C007E2850 /* XCRemoteSwiftPackageReference "Alamofire" */,
			);
			productRefGroup = EFD432572C0E999B00E39758 /* Products */;
			projectDirPath = "";
			projectRoot = "";
			targets = (
				EFD432552C0E999B00E39758 /* AppleMapClustering */,
				EFD432652C0E999D00E39758 /* AppleMapClusteringTests */,
				EFD4326F2C0E999D00E39758 /* AppleMapClusteringUITests */,
			);
		};
/* End PBXProject section */

/* Begin PBXResourcesBuildPhase section */
		EFD432542C0E999B00E39758 /* Resources */ = {
			isa = PBXResourcesBuildPhase;
			buildActionMask = 2147483647;
			files = (
				EFD432982C0EFB9F00E39758 /* Data.plist in Resources */,
				EFD432612C0E999C00E39758 /* Preview Assets.xcassets in Resources */,
				EFD4325E2C0E999C00E39758 /* Assets.xcassets in Resources */,
			);
			runOnlyForDeploymentPostprocessing = 0;
		};
		EFD432642C0E999D00E39758 /* Resources */ = {
			isa = PBXResourcesBuildPhase;
			buildActionMask = 2147483647;
			files = (
			);
			runOnlyForDeploymentPostprocessing = 0;
		};
		EFD4326E2C0E999D00E39758 /* Resources */ = {
			isa = PBXResourcesBuildPhase;
			buildActionMask = 2147483647;
			files = (
			);
			runOnlyForDeploymentPostprocessing = 0;
		};
/* End PBXResourcesBuildPhase section */

/* Begin PBXSourcesBuildPhase section */
		EFD432522C0E999B00E39758 /* Sources */ = {
			isa = PBXSourcesBuildPhase;
			buildActionMask = 2147483647;
			files = (
				EFD4325C2C0E999B00E39758 /* ContentView.swift in Sources */,
				EF17D53B2C1040EB007E2850 /* MyProfileAnnotationView.swift in Sources */,
				EFD4755D2C17C68400EC4DA7 /* ProfileSUView.swift in Sources */,
				EFD4755F2C17C68C00EC4DA7 /* MyProfileSUIView.swift in Sources */,
				EFD432842C0E9AD600E39758 /* MapViewRepresentable.swift in Sources */,
				EFD432942C0EE49D00E39758 /* MapData.swift in Sources */,
				EFD4328C2C0EDA8E00E39758 /* Person.swift in Sources */,
				EF17D52E2C0FEEE5007E2850 /* ProfileAnnotationView.swift in Sources */,
				EFD4325A2C0E999B00E39758 /* AppleMapClusteringApp.swift in Sources */,
			);
			runOnlyForDeploymentPostprocessing = 0;
		};
		EFD432622C0E999D00E39758 /* Sources */ = {
			isa = PBXSourcesBuildPhase;
			buildActionMask = 2147483647;
			files = (
				EFD4326B2C0E999D00E39758 /* AppleMapClusteringTests.swift in Sources */,
			);
			runOnlyForDeploymentPostprocessing = 0;
		};
		EFD4326C2C0E999D00E39758 /* Sources */ = {
			isa = PBXSourcesBuildPhase;
			buildActionMask = 2147483647;
			files = (
				EFD432772C0E999D00E39758 /* AppleMapClusteringUITestsLaunchTests.swift in Sources */,
				EFD432752C0E999D00E39758 /* AppleMapClusteringUITests.swift in Sources */,
			);
			runOnlyForDeploymentPostprocessing = 0;
		};
/* End PBXSourcesBuildPhase section */

/* Begin PBXTargetDependency section */
		EFD432682C0E999D00E39758 /* PBXTargetDependency */ = {
			isa = PBXTargetDependency;
			target = EFD432552C0E999B00E39758 /* AppleMapClustering */;
			targetProxy = EFD432672C0E999D00E39758 /* PBXContainerItemProxy */;
		};
		EFD432722C0E999D00E39758 /* PBXTargetDependency */ = {
			isa = PBXTargetDependency;
			target = EFD432552C0E999B00E39758 /* AppleMapClustering */;
			targetProxy = EFD432712C0E999D00E39758 /* PBXContainerItemProxy */;
		};
/* End PBXTargetDependency section */

/* Begin XCBuildConfiguration section */
		EFD432782C0E999D00E39758 /* Debug */ = {
			isa = XCBuildConfiguration;
			buildSettings = {
				ALWAYS_SEARCH_USER_PATHS = NO;
				ASSETCATALOG_COMPILER_GENERATE_SWIFT_ASSET_SYMBOL_EXTENSIONS = YES;
				CLANG_ANALYZER_NONNULL = YES;
				CLANG_ANALYZER_NUMBER_OBJECT_CONVERSION = YES_AGGRESSIVE;
				CLANG_CXX_LANGUAGE_STANDARD = "gnu++20";
				CLANG_ENABLE_MODULES = YES;
				CLANG_ENABLE_OBJC_ARC = YES;
				CLANG_ENABLE_OBJC_WEAK = YES;
				CLANG_WARN_BLOCK_CAPTURE_AUTORELEASING = YES;
				CLANG_WARN_BOOL_CONVERSION = YES;
				CLANG_WARN_COMMA = YES;
				CLANG_WARN_CONSTANT_CONVERSION = YES;
				CLANG_WARN_DEPRECATED_OBJC_IMPLEMENTATIONS = YES;
				CLANG_WARN_DIRECT_OBJC_ISA_USAGE = YES_ERROR;
				CLANG_WARN_DOCUMENTATION_COMMENTS = YES;
				CLANG_WARN_EMPTY_BODY = YES;
				CLANG_WARN_ENUM_CONVERSION = YES;
				CLANG_WARN_INFINITE_RECURSION = YES;
				CLANG_WARN_INT_CONVERSION = YES;
				CLANG_WARN_NON_LITERAL_NULL_CONVERSION = YES;
				CLANG_WARN_OBJC_IMPLICIT_RETAIN_SELF = YES;
				CLANG_WARN_OBJC_LITERAL_CONVERSION = YES;
				CLANG_WARN_OBJC_ROOT_CLASS = YES_ERROR;
				CLANG_WARN_QUOTED_INCLUDE_IN_FRAMEWORK_HEADER = YES;
				CLANG_WARN_RANGE_LOOP_ANALYSIS = YES;
				CLANG_WARN_STRICT_PROTOTYPES = YES;
				CLANG_WARN_SUSPICIOUS_MOVE = YES;
				CLANG_WARN_UNGUARDED_AVAILABILITY = YES_AGGRESSIVE;
				CLANG_WARN_UNREACHABLE_CODE = YES;
				CLANG_WARN__DUPLICATE_METHOD_MATCH = YES;
				COPY_PHASE_STRIP = NO;
				DEBUG_INFORMATION_FORMAT = dwarf;
				ENABLE_STRICT_OBJC_MSGSEND = YES;
				ENABLE_TESTABILITY = YES;
				ENABLE_USER_SCRIPT_SANDBOXING = YES;
				GCC_C_LANGUAGE_STANDARD = gnu17;
				GCC_DYNAMIC_NO_PIC = NO;
				GCC_NO_COMMON_BLOCKS = YES;
				GCC_OPTIMIZATION_LEVEL = 0;
				GCC_PREPROCESSOR_DEFINITIONS = (
					"DEBUG=1",
					"$(inherited)",
				);
				GCC_WARN_64_TO_32_BIT_CONVERSION = YES;
				GCC_WARN_ABOUT_RETURN_TYPE = YES_ERROR;
				GCC_WARN_UNDECLARED_SELECTOR = YES;
				GCC_WARN_UNINITIALIZED_AUTOS = YES_AGGRESSIVE;
				GCC_WARN_UNUSED_FUNCTION = YES;
				GCC_WARN_UNUSED_VARIABLE = YES;
				IPHONEOS_DEPLOYMENT_TARGET = 15.0;
				LOCALIZATION_PREFERS_STRING_CATALOGS = YES;
				MTL_ENABLE_DEBUG_INFO = INCLUDE_SOURCE;
				MTL_FAST_MATH = YES;
				ONLY_ACTIVE_ARCH = YES;
				SDKROOT = iphoneos;
				SWIFT_ACTIVE_COMPILATION_CONDITIONS = "DEBUG $(inherited)";
				SWIFT_OPTIMIZATION_LEVEL = "-Onone";
			};
			name = Debug;
		};
		EFD432792C0E999D00E39758 /* Release */ = {
			isa = XCBuildConfiguration;
			buildSettings = {
				ALWAYS_SEARCH_USER_PATHS = NO;
				ASSETCATALOG_COMPILER_GENERATE_SWIFT_ASSET_SYMBOL_EXTENSIONS = YES;
				CLANG_ANALYZER_NONNULL = YES;
				CLANG_ANALYZER_NUMBER_OBJECT_CONVERSION = YES_AGGRESSIVE;
				CLANG_CXX_LANGUAGE_STANDARD = "gnu++20";
				CLANG_ENABLE_MODULES = YES;
				CLANG_ENABLE_OBJC_ARC = YES;
				CLANG_ENABLE_OBJC_WEAK = YES;
				CLANG_WARN_BLOCK_CAPTURE_AUTORELEASING = YES;
				CLANG_WARN_BOOL_CONVERSION = YES;
				CLANG_WARN_COMMA = YES;
				CLANG_WARN_CONSTANT_CONVERSION = YES;
				CLANG_WARN_DEPRECATED_OBJC_IMPLEMENTATIONS = YES;
				CLANG_WARN_DIRECT_OBJC_ISA_USAGE = YES_ERROR;
				CLANG_WARN_DOCUMENTATION_COMMENTS = YES;
				CLANG_WARN_EMPTY_BODY = YES;
				CLANG_WARN_ENUM_CONVERSION = YES;
				CLANG_WARN_INFINITE_RECURSION = YES;
				CLANG_WARN_INT_CONVERSION = YES;
				CLANG_WARN_NON_LITERAL_NULL_CONVERSION = YES;
				CLANG_WARN_OBJC_IMPLICIT_RETAIN_SELF = YES;
				CLANG_WARN_OBJC_LITERAL_CONVERSION = YES;
				CLANG_WARN_OBJC_ROOT_CLASS = YES_ERROR;
				CLANG_WARN_QUOTED_INCLUDE_IN_FRAMEWORK_HEADER = YES;
				CLANG_WARN_RANGE_LOOP_ANALYSIS = YES;
				CLANG_WARN_STRICT_PROTOTYPES = YES;
				CLANG_WARN_SUSPICIOUS_MOVE = YES;
				CLANG_WARN_UNGUARDED_AVAILABILITY = YES_AGGRESSIVE;
				CLANG_WARN_UNREACHABLE_CODE = YES;
				CLANG_WARN__DUPLICATE_METHOD_MATCH = YES;
				COPY_PHASE_STRIP = NO;
				DEBUG_INFORMATION_FORMAT = "dwarf-with-dsym";
				ENABLE_NS_ASSERTIONS = NO;
				ENABLE_STRICT_OBJC_MSGSEND = YES;
				ENABLE_USER_SCRIPT_SANDBOXING = YES;
				GCC_C_LANGUAGE_STANDARD = gnu17;
				GCC_NO_COMMON_BLOCKS = YES;
				GCC_WARN_64_TO_32_BIT_CONVERSION = YES;
				GCC_WARN_ABOUT_RETURN_TYPE = YES_ERROR;
				GCC_WARN_UNDECLARED_SELECTOR = YES;
				GCC_WARN_UNINITIALIZED_AUTOS = YES_AGGRESSIVE;
				GCC_WARN_UNUSED_FUNCTION = YES;
				GCC_WARN_UNUSED_VARIABLE = YES;
				IPHONEOS_DEPLOYMENT_TARGET = 15.0;
				LOCALIZATION_PREFERS_STRING_CATALOGS = YES;
				MTL_ENABLE_DEBUG_INFO = NO;
				MTL_FAST_MATH = YES;
				SDKROOT = iphoneos;
				SWIFT_COMPILATION_MODE = wholemodule;
				VALIDATE_PRODUCT = YES;
			};
			name = Release;
		};
		EFD4327B2C0E999D00E39758 /* Debug */ = {
			isa = XCBuildConfiguration;
			buildSettings = {
				ASSETCATALOG_COMPILER_APPICON_NAME = AppIcon;
				ASSETCATALOG_COMPILER_GLOBAL_ACCENT_COLOR_NAME = AccentColor;
				CODE_SIGN_STYLE = Automatic;
				CURRENT_PROJECT_VERSION = 1;
				DEVELOPMENT_ASSET_PATHS = "\"AppleMapClustering/Preview Content\"";
				DEVELOPMENT_TEAM = Z93APRK365;
				ENABLE_PREVIEWS = YES;
				GENERATE_INFOPLIST_FILE = YES;
				INFOPLIST_KEY_UIApplicationSceneManifest_Generation = YES;
				INFOPLIST_KEY_UIApplicationSupportsIndirectInputEvents = YES;
				INFOPLIST_KEY_UILaunchScreen_Generation = YES;
				INFOPLIST_KEY_UISupportedInterfaceOrientations_iPad = "UIInterfaceOrientationPortrait UIInterfaceOrientationPortraitUpsideDown UIInterfaceOrientationLandscapeLeft UIInterfaceOrientationLandscapeRight";
				INFOPLIST_KEY_UISupportedInterfaceOrientations_iPhone = "UIInterfaceOrientationPortrait UIInterfaceOrientationLandscapeLeft UIInterfaceOrientationLandscapeRight";
				LD_RUNPATH_SEARCH_PATHS = (
					"$(inherited)",
					"@executable_path/Frameworks",
				);
				MARKETING_VERSION = 1.0;
				PRODUCT_BUNDLE_IDENTIFIER = com.SimSangGab.AppleMapClustering;
				PRODUCT_NAME = "$(TARGET_NAME)";
				SWIFT_EMIT_LOC_STRINGS = YES;
				SWIFT_VERSION = 5.0;
				TARGETED_DEVICE_FAMILY = "1,2";
			};
			name = Debug;
		};
		EFD4327C2C0E999D00E39758 /* Release */ = {
			isa = XCBuildConfiguration;
			buildSettings = {
				ASSETCATALOG_COMPILER_APPICON_NAME = AppIcon;
				ASSETCATALOG_COMPILER_GLOBAL_ACCENT_COLOR_NAME = AccentColor;
				CODE_SIGN_STYLE = Automatic;
				CURRENT_PROJECT_VERSION = 1;
				DEVELOPMENT_ASSET_PATHS = "\"AppleMapClustering/Preview Content\"";
				DEVELOPMENT_TEAM = Z93APRK365;
				ENABLE_PREVIEWS = YES;
				GENERATE_INFOPLIST_FILE = YES;
				INFOPLIST_KEY_UIApplicationSceneManifest_Generation = YES;
				INFOPLIST_KEY_UIApplicationSupportsIndirectInputEvents = YES;
				INFOPLIST_KEY_UILaunchScreen_Generation = YES;
				INFOPLIST_KEY_UISupportedInterfaceOrientations_iPad = "UIInterfaceOrientationPortrait UIInterfaceOrientationPortraitUpsideDown UIInterfaceOrientationLandscapeLeft UIInterfaceOrientationLandscapeRight";
				INFOPLIST_KEY_UISupportedInterfaceOrientations_iPhone = "UIInterfaceOrientationPortrait UIInterfaceOrientationLandscapeLeft UIInterfaceOrientationLandscapeRight";
				LD_RUNPATH_SEARCH_PATHS = (
					"$(inherited)",
					"@executable_path/Frameworks",
				);
				MARKETING_VERSION = 1.0;
				PRODUCT_BUNDLE_IDENTIFIER = com.SimSangGab.AppleMapClustering;
				PRODUCT_NAME = "$(TARGET_NAME)";
				SWIFT_EMIT_LOC_STRINGS = YES;
				SWIFT_VERSION = 5.0;
				TARGETED_DEVICE_FAMILY = "1,2";
			};
			name = Release;
		};
		EFD4327E2C0E999D00E39758 /* Debug */ = {
			isa = XCBuildConfiguration;
			buildSettings = {
				ALWAYS_EMBED_SWIFT_STANDARD_LIBRARIES = YES;
				BUNDLE_LOADER = "$(TEST_HOST)";
				CODE_SIGN_STYLE = Automatic;
				CURRENT_PROJECT_VERSION = 1;
				DEVELOPMENT_TEAM = Z93APRK365;
				GENERATE_INFOPLIST_FILE = YES;
				IPHONEOS_DEPLOYMENT_TARGET = 17.2;
				MARKETING_VERSION = 1.0;
				PRODUCT_BUNDLE_IDENTIFIER = com.SimSangGab.AppleMapClusteringTests;
				PRODUCT_NAME = "$(TARGET_NAME)";
				SWIFT_EMIT_LOC_STRINGS = NO;
				SWIFT_VERSION = 5.0;
				TARGETED_DEVICE_FAMILY = "1,2";
				TEST_HOST = "$(BUILT_PRODUCTS_DIR)/AppleMapClustering.app/$(BUNDLE_EXECUTABLE_FOLDER_PATH)/AppleMapClustering";
			};
			name = Debug;
		};
		EFD4327F2C0E999D00E39758 /* Release */ = {
			isa = XCBuildConfiguration;
			buildSettings = {
				ALWAYS_EMBED_SWIFT_STANDARD_LIBRARIES = YES;
				BUNDLE_LOADER = "$(TEST_HOST)";
				CODE_SIGN_STYLE = Automatic;
				CURRENT_PROJECT_VERSION = 1;
				DEVELOPMENT_TEAM = Z93APRK365;
				GENERATE_INFOPLIST_FILE = YES;
				IPHONEOS_DEPLOYMENT_TARGET = 17.2;
				MARKETING_VERSION = 1.0;
				PRODUCT_BUNDLE_IDENTIFIER = com.SimSangGab.AppleMapClusteringTests;
				PRODUCT_NAME = "$(TARGET_NAME)";
				SWIFT_EMIT_LOC_STRINGS = NO;
				SWIFT_VERSION = 5.0;
				TARGETED_DEVICE_FAMILY = "1,2";
				TEST_HOST = "$(BUILT_PRODUCTS_DIR)/AppleMapClustering.app/$(BUNDLE_EXECUTABLE_FOLDER_PATH)/AppleMapClustering";
			};
			name = Release;
		};
		EFD432812C0E999D00E39758 /* Debug */ = {
			isa = XCBuildConfiguration;
			buildSettings = {
				ALWAYS_EMBED_SWIFT_STANDARD_LIBRARIES = YES;
				CODE_SIGN_STYLE = Automatic;
				CURRENT_PROJECT_VERSION = 1;
				DEVELOPMENT_TEAM = Z93APRK365;
				GENERATE_INFOPLIST_FILE = YES;
				MARKETING_VERSION = 1.0;
				PRODUCT_BUNDLE_IDENTIFIER = com.SimSangGab.AppleMapClusteringUITests;
				PRODUCT_NAME = "$(TARGET_NAME)";
				SWIFT_EMIT_LOC_STRINGS = NO;
				SWIFT_VERSION = 5.0;
				TARGETED_DEVICE_FAMILY = "1,2";
				TEST_TARGET_NAME = AppleMapClustering;
			};
			name = Debug;
		};
		EFD432822C0E999D00E39758 /* Release */ = {
			isa = XCBuildConfiguration;
			buildSettings = {
				ALWAYS_EMBED_SWIFT_STANDARD_LIBRARIES = YES;
				CODE_SIGN_STYLE = Automatic;
				CURRENT_PROJECT_VERSION = 1;
				DEVELOPMENT_TEAM = Z93APRK365;
				GENERATE_INFOPLIST_FILE = YES;
				MARKETING_VERSION = 1.0;
				PRODUCT_BUNDLE_IDENTIFIER = com.SimSangGab.AppleMapClusteringUITests;
				PRODUCT_NAME = "$(TARGET_NAME)";
				SWIFT_EMIT_LOC_STRINGS = NO;
				SWIFT_VERSION = 5.0;
				TARGETED_DEVICE_FAMILY = "1,2";
				TEST_TARGET_NAME = AppleMapClustering;
			};
			name = Release;
		};
/* End XCBuildConfiguration section */

/* Begin XCConfigurationList section */
		EFD432512C0E999B00E39758 /* Build configuration list for PBXProject "AppleMapClustering" */ = {
			isa = XCConfigurationList;
			buildConfigurations = (
				EFD432782C0E999D00E39758 /* Debug */,
				EFD432792C0E999D00E39758 /* Release */,
			);
			defaultConfigurationIsVisible = 0;
			defaultConfigurationName = Release;
		};
		EFD4327A2C0E999D00E39758 /* Build configuration list for PBXNativeTarget "AppleMapClustering" */ = {
			isa = XCConfigurationList;
			buildConfigurations = (
				EFD4327B2C0E999D00E39758 /* Debug */,
				EFD4327C2C0E999D00E39758 /* Release */,
			);
			defaultConfigurationIsVisible = 0;
			defaultConfigurationName = Release;
		};
		EFD4327D2C0E999D00E39758 /* Build configuration list for PBXNativeTarget "AppleMapClusteringTests" */ = {
			isa = XCConfigurationList;
			buildConfigurations = (
				EFD4327E2C0E999D00E39758 /* Debug */,
				EFD4327F2C0E999D00E39758 /* Release */,
			);
			defaultConfigurationIsVisible = 0;
			defaultConfigurationName = Release;
		};
		EFD432802C0E999D00E39758 /* Build configuration list for PBXNativeTarget "AppleMapClusteringUITests" */ = {
			isa = XCConfigurationList;
			buildConfigurations = (
				EFD432812C0E999D00E39758 /* Debug */,
				EFD432822C0E999D00E39758 /* Release */,
			);
			defaultConfigurationIsVisible = 0;
			defaultConfigurationName = Release;
		};
/* End XCConfigurationList section */

/* Begin XCRemoteSwiftPackageReference section */
		EF17D5312C102733007E2850 /* XCRemoteSwiftPackageReference "Kingfisher" */ = {
			isa = XCRemoteSwiftPackageReference;
			repositoryURL = "https://github.com/onevcat/Kingfisher";
			requirement = {
				kind = upToNextMajorVersion;
				minimumVersion = 7.11.0;
			};
		};
		EF17D5342C10273B007E2850 /* XCRemoteSwiftPackageReference "SwiftyJSON" */ = {
			isa = XCRemoteSwiftPackageReference;
			repositoryURL = "https://github.com/SwiftyJSON/SwiftyJSON.git";
			requirement = {
				kind = upToNextMajorVersion;
				minimumVersion = 5.0.2;
			};
		};
		EF17D5372C102D4C007E2850 /* XCRemoteSwiftPackageReference "Alamofire" */ = {
			isa = XCRemoteSwiftPackageReference;
			repositoryURL = "https://github.com/Alamofire/Alamofire";
			requirement = {
				kind = upToNextMajorVersion;
				minimumVersion = 5.9.1;
			};
		};
		EFD432852C0EAC0100E39758 /* XCRemoteSwiftPackageReference "SnapKit" */ = {
			isa = XCRemoteSwiftPackageReference;
			repositoryURL = "https://github.com/SnapKit/SnapKit.git";
			requirement = {
				kind = upToNextMajorVersion;
				minimumVersion = 5.7.1;
			};
		};
		EFD432882C0EAC0F00E39758 /* XCRemoteSwiftPackageReference "Then" */ = {
			isa = XCRemoteSwiftPackageReference;
			repositoryURL = "https://github.com/devxoul/Then";
			requirement = {
				kind = upToNextMajorVersion;
				minimumVersion = 3.0.0;
			};
		};
/* End XCRemoteSwiftPackageReference section */

/* Begin XCSwiftPackageProductDependency section */
		EF17D5322C102733007E2850 /* Kingfisher */ = {
			isa = XCSwiftPackageProductDependency;
			package = EF17D5312C102733007E2850 /* XCRemoteSwiftPackageReference "Kingfisher" */;
			productName = Kingfisher;
		};
		EF17D5352C10273B007E2850 /* SwiftyJSON */ = {
			isa = XCSwiftPackageProductDependency;
			package = EF17D5342C10273B007E2850 /* XCRemoteSwiftPackageReference "SwiftyJSON" */;
			productName = SwiftyJSON;
		};
		EF17D5382C102D4C007E2850 /* Alamofire */ = {
			isa = XCSwiftPackageProductDependency;
			package = EF17D5372C102D4C007E2850 /* XCRemoteSwiftPackageReference "Alamofire" */;
			productName = Alamofire;
		};
		EFD432862C0EAC0100E39758 /* SnapKit */ = {
			isa = XCSwiftPackageProductDependency;
			package = EFD432852C0EAC0100E39758 /* XCRemoteSwiftPackageReference "SnapKit" */;
			productName = SnapKit;
		};
		EFD432892C0EAC0F00E39758 /* Then */ = {
			isa = XCSwiftPackageProductDependency;
			package = EFD432882C0EAC0F00E39758 /* XCRemoteSwiftPackageReference "Then" */;
			productName = Then;
		};
/* End XCSwiftPackageProductDependency section */
	};
	rootObject = EFD4324E2C0E999B00E39758 /* Project object */;
}
